# This file is automatically @generated by Cargo.
# It is not intended for manual editing.
version = 4

[[package]]
name = "azos_abi"
version = "1.0.0"

[[package]]
name = "azos_drv_api"
version = "0.1.0"
dependencies = [
 "azos_abi",
]

[[package]]
name = "azos_drv_api_tests"
version = "0.1.0"
dependencies = [
 "azos_abi",
 "azos_drv_api",
]
