# This file is automatically @generated by Cargo.
# It is not intended for manual editing.
version = 4

[[package]]
name = "azos_abi"
version = "1.0.0"

[[package]]
name = "azos_drv_api"
version = "0.1.0"
dependencies = [
 "azos_abi",
]

[[package]]
name = "azos_fs_tests"
version = "0.1.0"
dependencies = [
 "azos_drv_api",
 "cap_test_sync",
 "fs_test_drivers",
 "fs_test_limits",
 "fs_test_mm",
]

[[package]]
name = "cap_test_sync"
version = "0.1.0"

[[package]]
name = "fs_test_drivers"
version = "0.1.0"
dependencies = [
 "azos_drv_api",
]

[[package]]
name = "fs_test_limits"
version = "0.1.0"

[[package]]
name = "fs_test_mm"
version = "0.1.0"
