# This file is automatically @generated by Cargo.
# It is not intended for manual editing.
version = 4

[[package]]
name = "aarch64_smoke"
version = "0.1.0"
dependencies = [
 "azos_arch_aarch64",
 "azos_arch_api",
]

[[package]]
name = "azos_arch_aarch64"
version = "0.1.0"
dependencies = [
 "azos_arch_api",
 "bitflags",
]

[[package]]
name = "azos_arch_api"
version = "0.1.0"

[[package]]
name = "bitflags"
version = "2.13.2"
source = "registry+https://github.com/rust-lang/crates.io-index"
checksum = "3ded4057c258ba199e2d26386d3af3780957ecaee6c4ef4041c6b4b8b97c0b06"
