# This file is automatically @generated by Cargo.
# It is not intended for manual editing.
version = 4

[[package]]
name = "azos_abi"
version = "1.0.0"

[[package]]
name = "azos_libsys"
version = "0.1.0"
dependencies = [
 "azos_abi",
 "azos_spsc",
]

[[package]]
name = "azos_spsc"
version = "0.1.0"

[[package]]
name = "gpio_drv"
version = "0.1.0"
dependencies = [
 "azos_abi",
 "azos_libsys",
]
