# This file is automatically @generated by Cargo.
# It is not intended for manual editing.
version = 4

[[package]]
name = "azos_arch_api"
version = "0.1.0"

[[package]]
name = "azos_sync_tests"
version = "0.1.0"
dependencies = [
 "sync_test_arch",
]

[[package]]
name = "sync_test_arch"
version = "0.1.0"
dependencies = [
 "azos_arch_api",
]
